// !$*UTF8*$!
{
	archiveVersion = 1;
	classes = {
	};
	objectVersion = 46;
	objects = {

/* Begin PBXBuildFile section */
		D55361E71AF368630006252F /* TweetMentionsTableViewController.swift in Sources */ = {isa = PBXBuildFile; fileRef = D55361E61AF368630006252F /* TweetMentionsTableViewController.swift */; };
		D597716C1AF62E1200EDC992 /* TweetImageTableViewCell.swift in Sources */ = {isa = PBXBuildFile; fileRef = D597716B1AF62E1200EDC992 /* TweetImageTableViewCell.swift */; };
		D5B5EF8A1AF992BF00807F0D /* TwitterPictureViewController.swift in Sources */ = {isa = PBXBuildFile; fileRef = D5B5EF891AF992BE00807F0D /* TwitterPictureViewController.swift */; };
		D5B5EF8C1AFAC33D00807F0D /* RecentSearchesTableViewController.swift in Sources */ = {isa = PBXBuildFile; fileRef = D5B5EF8B1AFAC33D00807F0D /* RecentSearchesTableViewController.swift */; };
		D5B5EF8E1AFAC52100807F0D /* History.swift in Sources */ = {isa = PBXBuildFile; fileRef = D5B5EF8D1AFAC52100807F0D /* History.swift */; };
		D5DEDA0A1ADEF631003194E4 /* AppDelegate.swift in Sources */ = {isa = PBXBuildFile; fileRef = D5DEDA091ADEF631003194E4 /* AppDelegate.swift */; };
		D5DEDA0F1ADEF631003194E4 /* Main.storyboard in Resources */ = {isa = PBXBuildFile; fileRef = D5DEDA0D1ADEF631003194E4 /* Main.storyboard */; };
		D5DEDA111ADEF631003194E4 /* Images.xcassets in Resources */ = {isa = PBXBuildFile; fileRef = D5DEDA101ADEF631003194E4 /* Images.xcassets */; };
		D5DEDA141ADEF631003194E4 /* LaunchScreen.xib in Resources */ = {isa = PBXBuildFile; fileRef = D5DEDA121ADEF631003194E4 /* LaunchScreen.xib */; };
		D5DEDA201ADEF631003194E4 /* SmashTagTests.swift in Sources */ = {isa = PBXBuildFile; fileRef = D5DEDA1F1ADEF631003194E4 /* SmashTagTests.swift */; };
		D5DEDA2A1ADEF693003194E4 /* TweetTableViewController.swift in Sources */ = {isa = PBXBuildFile; fileRef = D5DEDA291ADEF693003194E4 /* TweetTableViewController.swift */; };
		D5DEDA3B1AE0764D003194E4 /* MediaItem.swift in Sources */ = {isa = PBXBuildFile; fileRef = D5DEDA371AE0764D003194E4 /* MediaItem.swift */; };
		D5DEDA3C1AE0764D003194E4 /* Tweet.swift in Sources */ = {isa = PBXBuildFile; fileRef = D5DEDA381AE0764D003194E4 /* Tweet.swift */; };
		D5DEDA3D1AE0764D003194E4 /* TwitterRequest.swift in Sources */ = {isa = PBXBuildFile; fileRef = D5DEDA391AE0764D003194E4 /* TwitterRequest.swift */; };
		D5DEDA3E1AE0764D003194E4 /* User.swift in Sources */ = {isa = PBXBuildFile; fileRef = D5DEDA3A1AE0764D003194E4 /* User.swift */; };
		D5DEDA411AE32EBF003194E4 /* TweetTableViewCell.swift in Sources */ = {isa = PBXBuildFile; fileRef = D5DEDA401AE32EBF003194E4 /* TweetTableViewCell.swift */; };
/* End PBXBuildFile section */

/* Begin PBXContainerItemProxy section */
		D5DEDA1A1ADEF631003194E4 /* PBXContainerItemProxy */ = {
			isa = PBXContainerItemProxy;
			containerPortal = D5DED9FC1ADEF631003194E4 /* Project object */;
			proxyType = 1;
			remoteGlobalIDString = D5DEDA031ADEF631003194E4;
			remoteInfo = SmashTag;
		};
/* End PBXContainerItemProxy section */

/* Begin PBXFileReference section */
		D55361E61AF368630006252F /* TweetMentionsTableViewController.swift */ = {isa = PBXFileReference; fileEncoding = 4; lastKnownFileType = sourcecode.swift; path = TweetMentionsTableViewController.swift; sourceTree = "<group>"; };
		D597716B1AF62E1200EDC992 /* TweetImageTableViewCell.swift */ = {isa = PBXFileReference; fileEncoding = 4; lastKnownFileType = sourcecode.swift; path = TweetImageTableViewCell.swift; sourceTree = "<group>"; };
		D5B5EF891AF992BE00807F0D /* TwitterPictureViewController.swift */ = {isa = PBXFileReference; fileEncoding = 4; lastKnownFileType = sourcecode.swift; path = TwitterPictureViewController.swift; sourceTree = "<group>"; };
		D5B5EF8B1AFAC33D00807F0D /* RecentSearchesTableViewController.swift */ = {isa = PBXFileReference; fileEncoding = 4; lastKnownFileType = sourcecode.swift; path = RecentSearchesTableViewController.swift; sourceTree = "<group>"; };
		D5B5EF8D1AFAC52100807F0D /* History.swift */ = {isa = PBXFileReference; fileEncoding = 4; lastKnownFileType = sourcecode.swift; path = History.swift; sourceTree = "<group>"; };
		D5DEDA041ADEF631003194E4 /* SmashTag.app */ = {isa = PBXFileReference; explicitFileType = wrapper.application; includeInIndex = 0; path = SmashTag.app; sourceTree = BUILT_PRODUCTS_DIR; };
		D5DEDA081ADEF631003194E4 /* Info.plist */ = {isa = PBXFileReference; lastKnownFileType = text.plist.xml; path = Info.plist; sourceTree = "<group>"; };
		D5DEDA091ADEF631003194E4 /* AppDelegate.swift */ = {isa = PBXFileReference; lastKnownFileType = sourcecode.swift; path = AppDelegate.swift; sourceTree = "<group>"; };
		D5DEDA0E1ADEF631003194E4 /* Base */ = {isa = PBXFileReference; lastKnownFileType = file.storyboard; name = Base; path = Base.lproj/Main.storyboard; sourceTree = "<group>"; };
		D5DEDA101ADEF631003194E4 /* Images.xcassets */ = {isa = PBXFileReference; lastKnownFileType = folder.assetcatalog; path = Images.xcassets; sourceTree = "<group>"; };
		D5DEDA131ADEF631003194E4 /* Base */ = {isa = PBXFileReference; lastKnownFileType = file.xib; name = Base; path = Base.lproj/LaunchScreen.xib; sourceTree = "<group>"; };
		D5DEDA191ADEF631003194E4 /* SmashTagTests.xctest */ = {isa = PBXFileReference; explicitFileType = wrapper.cfbundle; includeInIndex = 0; path = SmashTagTests.xctest; sourceTree = BUILT_PRODUCTS_DIR; };
		D5DEDA1E1ADEF631003194E4 /* Info.plist */ = {isa = PBXFileReference; lastKnownFileType = text.plist.xml; path = Info.plist; sourceTree = "<group>"; };
		D5DEDA1F1ADEF631003194E4 /* SmashTagTests.swift */ = {isa = PBXFileReference; lastKnownFileType = sourcecode.swift; path = SmashTagTests.swift; sourceTree = "<group>"; };
		D5DEDA291ADEF693003194E4 /* TweetTableViewController.swift */ = {isa = PBXFileReference; fileEncoding = 4; lastKnownFileType = sourcecode.swift; path = TweetTableViewController.swift; sourceTree = "<group>"; };
		D5DEDA371AE0764D003194E4 /* MediaItem.swift */ = {isa = PBXFileReference; fileEncoding = 4; lastKnownFileType = sourcecode.swift; name = MediaItem.swift; path = ../MediaItem.swift; sourceTree = "<group>"; };
		D5DEDA381AE0764D003194E4 /* Tweet.swift */ = {isa = PBXFileReference; fileEncoding = 4; lastKnownFileType = sourcecode.swift; name = Tweet.swift; path = ../Tweet.swift; sourceTree = "<group>"; };
		D5DEDA391AE0764D003194E4 /* TwitterRequest.swift */ = {isa = PBXFileReference; fileEncoding = 4; lastKnownFileType = sourcecode.swift; name = TwitterRequest.swift; path = ../TwitterRequest.swift; sourceTree = "<group>"; };
		D5DEDA3A1AE0764D003194E4 /* User.swift */ = {isa = PBXFileReference; fileEncoding = 4; lastKnownFileType = sourcecode.swift; name = User.swift; path = ../User.swift; sourceTree = "<group>"; };
		D5DEDA401AE32EBF003194E4 /* TweetTableViewCell.swift */ = {isa = PBXFileReference; fileEncoding = 4; lastKnownFileType = sourcecode.swift; path = TweetTableViewCell.swift; sourceTree = "<group>"; };
/* End PBXFileReference section */

/* Begin PBXFrameworksBuildPhase section */
		D5DEDA011ADEF631003194E4 /* Frameworks */ = {
			isa = PBXFrameworksBuildPhase;
			buildActionMask = 2147483647;
			files = (
			);
			runOnlyForDeploymentPostprocessing = 0;
		};
		D5DEDA161ADEF631003194E4 /* Frameworks */ = {
			isa = PBXFrameworksBuildPhase;
			buildActionMask = 2147483647;
			files = (
			);
			runOnlyForDeploymentPostprocessing = 0;
		};
/* End PBXFrameworksBuildPhase section */

/* Begin PBXGroup section */
		D5DED9FB1ADEF631003194E4 = {
			isa = PBXGroup;
			children = (
				D5DEDA061ADEF631003194E4 /* SmashTag */,
				D5DEDA1C1ADEF631003194E4 /* SmashTagTests */,
				D5DEDA051ADEF631003194E4 /* Products */,
			);
			sourceTree = "<group>";
		};
		D5DEDA051ADEF631003194E4 /* Products */ = {
			isa = PBXGroup;
			children = (
				D5DEDA041ADEF631003194E4 /* SmashTag.app */,
				D5DEDA191ADEF631003194E4 /* SmashTagTests.xctest */,
			);
			name = Products;
			sourceTree = "<group>";
		};
		D5DEDA061ADEF631003194E4 /* SmashTag */ = {
			isa = PBXGroup;
			children = (
				D5DEDA0D1ADEF631003194E4 /* Main.storyboard */,
				D5DEDA291ADEF693003194E4 /* TweetTableViewController.swift */,
				D55361E61AF368630006252F /* TweetMentionsTableViewController.swift */,
				D5DEDA401AE32EBF003194E4 /* TweetTableViewCell.swift */,
				D597716B1AF62E1200EDC992 /* TweetImageTableViewCell.swift */,
				D5B5EF891AF992BE00807F0D /* TwitterPictureViewController.swift */,
				D5B5EF8B1AFAC33D00807F0D /* RecentSearchesTableViewController.swift */,
				D5DEDA3F1AE32654003194E4 /* Twitter */,
				D5DEDA071ADEF631003194E4 /* Supporting Files */,
				D5B5EF8D1AFAC52100807F0D /* History.swift */,
			);
			path = SmashTag;
			sourceTree = "<group>";
		};
		D5DEDA071ADEF631003194E4 /* Supporting Files */ = {
			isa = PBXGroup;
			children = (
				D5DEDA091ADEF631003194E4 /* AppDelegate.swift */,
				D5DEDA121ADEF631003194E4 /* LaunchScreen.xib */,
				D5DEDA101ADEF631003194E4 /* Images.xcassets */,
				D5DEDA081ADEF631003194E4 /* Info.plist */,
			);
			name = "Supporting Files";
			sourceTree = "<group>";
		};
		D5DEDA1C1ADEF631003194E4 /* SmashTagTests */ = {
			isa = PBXGroup;
			children = (
				D5DEDA1F1ADEF631003194E4 /* SmashTagTests.swift */,
				D5DEDA1D1ADEF631003194E4 /* Supporting Files */,
			);
			path = SmashTagTests;
			sourceTree = "<group>";
		};
		D5DEDA1D1ADEF631003194E4 /* Supporting Files */ = {
			isa = PBXGroup;
			children = (
				D5DEDA1E1ADEF631003194E4 /* Info.plist */,
			);
			name = "Supporting Files";
			sourceTree = "<group>";
		};
		D5DEDA3F1AE32654003194E4 /* Twitter */ = {
			isa = PBXGroup;
			children = (
				D5DEDA371AE0764D003194E4 /* MediaItem.swift */,
				D5DEDA381AE0764D003194E4 /* Tweet.swift */,
				D5DEDA391AE0764D003194E4 /* TwitterRequest.swift */,
				D5DEDA3A1AE0764D003194E4 /* User.swift */,
			);
			name = Twitter;
			sourceTree = "<group>";
		};
/* End PBXGroup section */

/* Begin PBXNativeTarget section */
		D5DEDA031ADEF631003194E4 /* SmashTag */ = {
			isa = PBXNativeTarget;
			buildConfigurationList = D5DEDA231ADEF631003194E4 /* Build configuration list for PBXNativeTarget "SmashTag" */;
			buildPhases = (
				D5DEDA001ADEF631003194E4 /* Sources */,
				D5DEDA011ADEF631003194E4 /* Frameworks */,
				D5DEDA021ADEF631003194E4 /* Resources */,
			);
			buildRules = (
			);
			dependencies = (
			);
			name = SmashTag;
			productName = SmashTag;
			productReference = D5DEDA041ADEF631003194E4 /* SmashTag.app */;
			productType = "com.apple.product-type.application";
		};
		D5DEDA181ADEF631003194E4 /* SmashTagTests */ = {
			isa = PBXNativeTarget;
			buildConfigurationList = D5DEDA261ADEF631003194E4 /* Build configuration list for PBXNativeTarget "SmashTagTests" */;
			buildPhases = (
				D5DEDA151ADEF631003194E4 /* Sources */,
				D5DEDA161ADEF631003194E4 /* Frameworks */,
				D5DEDA171ADEF631003194E4 /* Resources */,
			);
			buildRules = (
			);
			dependencies = (
				D5DEDA1B1ADEF631003194E4 /* PBXTargetDependency */,
			);
			name = SmashTagTests;
			productName = SmashTagTests;
			productReference = D5DEDA191ADEF631003194E4 /* SmashTagTests.xctest */;
			productType = "com.apple.product-type.bundle.unit-test";
		};
/* End PBXNativeTarget section */

/* Begin PBXProject section */
		D5DED9FC1ADEF631003194E4 /* Project object */ = {
			isa = PBXProject;
			attributes = {
				LastUpgradeCheck = 0630;
				ORGANIZATIONNAME = "Satbir Tanda";
				TargetAttributes = {
					D5DEDA031ADEF631003194E4 = {
						CreatedOnToolsVersion = 6.3;
					};
					D5DEDA181ADEF631003194E4 = {
						CreatedOnToolsVersion = 6.3;
						TestTargetID = D5DEDA031ADEF631003194E4;
					};
				};
			};
			buildConfigurationList = D5DED9FF1ADEF631003194E4 /* Build configuration list for PBXProject "SmashTag" */;
			compatibilityVersion = "Xcode 3.2";
			developmentRegion = English;
			hasScannedForEncodings = 0;
			knownRegions = (
				en,
				Base,
			);
			mainGroup = D5DED9FB1ADEF631003194E4;
			productRefGroup = D5DEDA051ADEF631003194E4 /* Products */;
			projectDirPath = "";
			projectRoot = "";
			targets = (
				D5DEDA031ADEF631003194E4 /* SmashTag */,
				D5DEDA181ADEF631003194E4 /* SmashTagTests */,
			);
		};
/* End PBXProject section */

/* Begin PBXResourcesBuildPhase section */
		D5DEDA021ADEF631003194E4 /* Resources */ = {
			isa = PBXResourcesBuildPhase;
			buildActionMask = 2147483647;
			files = (
				D5DEDA0F1ADEF631003194E4 /* Main.storyboard in Resources */,
				D5DEDA141ADEF631003194E4 /* LaunchScreen.xib in Resources */,
				D5DEDA111ADEF631003194E4 /* Images.xcassets in Resources */,
			);
			runOnlyForDeploymentPostprocessing = 0;
		};
		D5DEDA171ADEF631003194E4 /* Resources */ = {
			isa = PBXResourcesBuildPhase;
			buildActionMask = 2147483647;
			files = (
			);
			runOnlyForDeploymentPostprocessing = 0;
		};
/* End PBXResourcesBuildPhase section */

/* Begin PBXSourcesBuildPhase section */
		D5DEDA001ADEF631003194E4 /* Sources */ = {
			isa = PBXSourcesBuildPhase;
			buildActionMask = 2147483647;
			files = (
				D5DEDA0A1ADEF631003194E4 /* AppDelegate.swift in Sources */,
				D597716C1AF62E1200EDC992 /* TweetImageTableViewCell.swift in Sources */,
				D5DEDA3D1AE0764D003194E4 /* TwitterRequest.swift in Sources */,
				D5B5EF8E1AFAC52100807F0D /* History.swift in Sources */,
				D5DEDA3E1AE0764D003194E4 /* User.swift in Sources */,
				D5DEDA2A1ADEF693003194E4 /* TweetTableViewController.swift in Sources */,
				D5DEDA3B1AE0764D003194E4 /* MediaItem.swift in Sources */,
				D5DEDA3C1AE0764D003194E4 /* Tweet.swift in Sources */,
				D55361E71AF368630006252F /* TweetMentionsTableViewController.swift in Sources */,
				D5DEDA411AE32EBF003194E4 /* TweetTableViewCell.swift in Sources */,
				D5B5EF8C1AFAC33D00807F0D /* RecentSearchesTableViewController.swift in Sources */,
				D5B5EF8A1AF992BF00807F0D /* TwitterPictureViewController.swift in Sources */,
			);
			runOnlyForDeploymentPostprocessing = 0;
		};
		D5DEDA151ADEF631003194E4 /* Sources */ = {
			isa = PBXSourcesBuildPhase;
			buildActionMask = 2147483647;
			files = (
				D5DEDA201ADEF631003194E4 /* SmashTagTests.swift in Sources */,
			);
			runOnlyForDeploymentPostprocessing = 0;
		};
/* End PBXSourcesBuildPhase section */

/* Begin PBXTargetDependency section */
		D5DEDA1B1ADEF631003194E4 /* PBXTargetDependency */ = {
			isa = PBXTargetDependency;
			target = D5DEDA031ADEF631003194E4 /* SmashTag */;
			targetProxy = D5DEDA1A1ADEF631003194E4 /* PBXContainerItemProxy */;
		};
/* End PBXTargetDependency section */

/* Begin PBXVariantGroup section */
		D5DEDA0D1ADEF631003194E4 /* Main.storyboard */ = {
			isa = PBXVariantGroup;
			children = (
				D5DEDA0E1ADEF631003194E4 /* Base */,
			);
			name = Main.storyboard;
			sourceTree = "<group>";
		};
		D5DEDA121ADEF631003194E4 /* LaunchScreen.xib */ = {
			isa = PBXVariantGroup;
			children = (
				D5DEDA131ADEF631003194E4 /* Base */,
			);
			name = LaunchScreen.xib;
			sourceTree = "<group>";
		};
/* End PBXVariantGroup section */

/* Begin XCBuildConfiguration section */
		D5DEDA211ADEF631003194E4 /* Debug */ = {
			isa = XCBuildConfiguration;
			buildSettings = {
				ALWAYS_SEARCH_USER_PATHS = NO;
				CLANG_CXX_LANGUAGE_STANDARD = "gnu++0x";
				CLANG_CXX_LIBRARY = "libc++";
				CLANG_ENABLE_MODULES = YES;
				CLANG_ENABLE_OBJC_ARC = YES;
				CLANG_WARN_BOOL_CONVERSION = YES;
				CLANG_WARN_CONSTANT_CONVERSION = YES;
				CLANG_WARN_DIRECT_OBJC_ISA_USAGE = YES_ERROR;
				CLANG_WARN_EMPTY_BODY = YES;
				CLANG_WARN_ENUM_CONVERSION = YES;
				CLANG_WARN_INT_CONVERSION = YES;
				CLANG_WARN_OBJC_ROOT_CLASS = YES_ERROR;
				CLANG_WARN_UNREACHABLE_CODE = YES;
				CLANG_WARN__DUPLICATE_METHOD_MATCH = YES;
				"CODE_SIGN_IDENTITY[sdk=iphoneos*]" = "iPhone Developer";
				COPY_PHASE_STRIP = NO;
				DEBUG_INFORMATION_FORMAT = "dwarf-with-dsym";
				ENABLE_STRICT_OBJC_MSGSEND = YES;
				GCC_C_LANGUAGE_STANDARD = gnu99;
				GCC_DYNAMIC_NO_PIC = NO;
				GCC_NO_COMMON_BLOCKS = YES;
				GCC_OPTIMIZATION_LEVEL = 0;
				GCC_PREPROCESSOR_DEFINITIONS = (
					"DEBUG=1",
					"$(inherited)",
				);
				GCC_SYMBOLS_PRIVATE_EXTERN = NO;
				GCC_WARN_64_TO_32_BIT_CONVERSION = YES;
				GCC_WARN_ABOUT_RETURN_TYPE = YES_ERROR;
				GCC_WARN_UNDECLARED_SELECTOR = YES;
				GCC_WARN_UNINITIALIZED_AUTOS = YES_AGGRESSIVE;
				GCC_WARN_UNUSED_FUNCTION = YES;
				GCC_WARN_UNUSED_VARIABLE = YES;
				IPHONEOS_DEPLOYMENT_TARGET = 8.3;
				MTL_ENABLE_DEBUG_INFO = YES;
				ONLY_ACTIVE_ARCH = YES;
				SDKROOT = iphoneos;
				SWIFT_OPTIMIZATION_LEVEL = "-Onone";
				TARGETED_DEVICE_FAMILY = "1,2";
			};
			name = Debug;
		};
		D5DEDA221ADEF631003194E4 /* Release */ = {
			isa = XCBuildConfiguration;
			buildSettings = {
				ALWAYS_SEARCH_USER_PATHS = NO;
				CLANG_CXX_LANGUAGE_STANDARD = "gnu++0x";
				CLANG_CXX_LIBRARY = "libc++";
				CLANG_ENABLE_MODULES = YES;
				CLANG_ENABLE_OBJC_ARC = YES;
				CLANG_WARN_BOOL_CONVERSION = YES;
				CLANG_WARN_CONSTANT_CONVERSION = YES;
				CLANG_WARN_DIRECT_OBJC_ISA_USAGE = YES_ERROR;
				CLANG_WARN_EMPTY_BODY = YES;
				CLANG_WARN_ENUM_CONVERSION = YES;
				CLANG_WARN_INT_CONVERSION = YES;
				CLANG_WARN_OBJC_ROOT_CLASS = YES_ERROR;
				CLANG_WARN_UNREACHABLE_CODE = YES;
				CLANG_WARN__DUPLICATE_METHOD_MATCH = YES;
				"CODE_SIGN_IDENTITY[sdk=iphoneos*]" = "iPhone Developer";
				COPY_PHASE_STRIP = NO;
				DEBUG_INFORMATION_FORMAT = "dwarf-with-dsym";
				ENABLE_NS_ASSERTIONS = NO;
				ENABLE_STRICT_OBJC_MSGSEND = YES;
				GCC_C_LANGUAGE_STANDARD = gnu99;
				GCC_NO_COMMON_BLOCKS = YES;
				GCC_WARN_64_TO_32_BIT_CONVERSION = YES;
				GCC_WARN_ABOUT_RETURN_TYPE = YES_ERROR;
				GCC_WARN_UNDECLARED_SELECTOR = YES;
				GCC_WARN_UNINITIALIZED_AUTOS = YES_AGGRESSIVE;
				GCC_WARN_UNUSED_FUNCTION = YES;
				GCC_WARN_UNUSED_VARIABLE = YES;
				IPHONEOS_DEPLOYMENT_TARGET = 8.3;
				MTL_ENABLE_DEBUG_INFO = NO;
				SDKROOT = iphoneos;
				SWIFT_OPTIMIZATION_LEVEL = "-Onone";
				TARGETED_DEVICE_FAMILY = "1,2";
				VALIDATE_PRODUCT = YES;
			};
			name = Release;
		};
		D5DEDA241ADEF631003194E4 /* Debug */ = {
			isa = XCBuildConfiguration;
			buildSettings = {
				ASSETCATALOG_COMPILER_APPICON_NAME = AppIcon;
				INFOPLIST_FILE = SmashTag/Info.plist;
				LD_RUNPATH_SEARCH_PATHS = "$(inherited) @executable_path/Frameworks";
				PRODUCT_NAME = "$(TARGET_NAME)";
			};
			name = Debug;
		};
		D5DEDA251ADEF631003194E4 /* Release */ = {
			isa = XCBuildConfiguration;
			buildSettings = {
				ASSETCATALOG_COMPILER_APPICON_NAME = AppIcon;
				INFOPLIST_FILE = SmashTag/Info.plist;
				LD_RUNPATH_SEARCH_PATHS = "$(inherited) @executable_path/Frameworks";
				PRODUCT_NAME = "$(TARGET_NAME)";
			};
			name = Release;
		};
		D5DEDA271ADEF631003194E4 /* Debug */ = {
			isa = XCBuildConfiguration;
			buildSettings = {
				BUNDLE_LOADER = "$(TEST_HOST)";
				FRAMEWORK_SEARCH_PATHS = (
					"$(SDKROOT)/Developer/Library/Frameworks",
					"$(inherited)",
				);
				GCC_PREPROCESSOR_DEFINITIONS = (
					"DEBUG=1",
					"$(inherited)",
				);
				INFOPLIST_FILE = SmashTagTests/Info.plist;
				LD_RUNPATH_SEARCH_PATHS = "$(inherited) @executable_path/Frameworks @loader_path/Frameworks";
				PRODUCT_NAME = "$(TARGET_NAME)";
				TEST_HOST = "$(BUILT_PRODUCTS_DIR)/SmashTag.app/SmashTag";
			};
			name = Debug;
		};
		D5DEDA281ADEF631003194E4 /* Release */ = {
			isa = XCBuildConfiguration;
			buildSettings = {
				BUNDLE_LOADER = "$(TEST_HOST)";
				FRAMEWORK_SEARCH_PATHS = (
					"$(SDKROOT)/Developer/Library/Frameworks",
					"$(inherited)",
				);
				INFOPLIST_FILE = SmashTagTests/Info.plist;
				LD_RUNPATH_SEARCH_PATHS = "$(inherited) @executable_path/Frameworks @loader_path/Frameworks";
				PRODUCT_NAME = "$(TARGET_NAME)";
				TEST_HOST = "$(BUILT_PRODUCTS_DIR)/SmashTag.app/SmashTag";
			};
			name = Release;
		};
/* End XCBuildConfiguration section */

/* Begin XCConfigurationList section */
		D5DED9FF1ADEF631003194E4 /* Build configuration list for PBXProject "SmashTag" */ = {
			isa = XCConfigurationList;
			buildConfigurations = (
				D5DEDA211ADEF631003194E4 /* Debug */,
				D5DEDA221ADEF631003194E4 /* Release */,
			);
			defaultConfigurationIsVisible = 0;
			defaultConfigurationName = Release;
		};
		D5DEDA231ADEF631003194E4 /* Build configuration list for PBXNativeTarget "SmashTag" */ = {
			isa = XCConfigurationList;
			buildConfigurations = (
				D5DEDA241ADEF631003194E4 /* Debug */,
				D5DEDA251ADEF631003194E4 /* Release */,
			);
			defaultConfigurationIsVisible = 0;
			defaultConfigurationName = Release;
		};
		D5DEDA261ADEF631003194E4 /* Build configuration list for PBXNativeTarget "SmashTagTests" */ = {
			isa = XCConfigurationList;
			buildConfigurations = (
				D5DEDA271ADEF631003194E4 /* Debug */,
				D5DEDA281ADEF631003194E4 /* Release */,
			);
			defaultConfigurationIsVisible = 0;
			defaultConfigurationName = Release;
		};
/* End XCConfigurationList section */
	};
	rootObject = D5DED9FC1ADEF631003194E4 /* Project object */;
}
